
Microsoft Visual Studio Solution File, Format Version 12.00
# Visual Studio Version 17
VisualStudioVersion = 17.14.36705.20 d17.14
MinimumVisualStudioVersion = 10.0.40219.1
Project("{FAE04EC0-301F-11D3-BF4B-00C04F79EFBC}") = "Patterns", "Patterns\Patterns.csproj", "{29C39BC5-E716-4387-A9A9-BD878F03D7C2}"
EndProject
Project("{FAE04EC0-301F-11D3-BF4B-00C04F79EFBC}") = "DriverCode", "DriverCode\DriverCode.csproj", "{5F91DDCB-1609-450B-B3D3-CABC27410710}"
EndProject
Global
	GlobalSection(SolutionConfigurationPlatforms) = preSolution
		Debug|Any CPU = Debug|Any CPU
		Release|Any CPU = Release|Any CPU
	EndGlobalSection
	GlobalSection(ProjectConfigurationPlatforms) = postSolution
		{29C39BC5-E716-4387-A9A9-BD878F03D7C2}.Debug|Any CPU.ActiveCfg = Debug|Any CPU
		{29C39BC5-E716-4387-A9A9-BD878F03D7C2}.Debug|Any CPU.Build.0 = Debug|Any CPU
		{29C39BC5-E716-4387-A9A9-BD878F03D7C2}.Release|Any CPU.ActiveCfg = Release|Any CPU
		{29C39BC5-E716-4387-A9A9-BD878F03D7C2}.Release|Any CPU.Build.0 = Release|Any CPU
		{5F91DDCB-1609-450B-B3D3-CABC27410710}.Debug|Any CPU.ActiveCfg = Debug|Any CPU
		{5F91DDCB-1609-450B-B3D3-CABC27410710}.Debug|Any CPU.Build.0 = Debug|Any CPU
		{5F91DDCB-1609-450B-B3D3-CABC27410710}.Release|Any CPU.ActiveCfg = Release|Any CPU
		{5F91DDCB-1609-450B-B3D3-CABC27410710}.Release|Any CPU.Build.0 = Release|Any CPU
	EndGlobalSection
	GlobalSection(SolutionProperties) = preSolution
		HideSolutionNode = FALSE
	EndGlobalSection
	GlobalSection(ExtensibilityGlobals) = postSolution
		SolutionGuid = {54D83F2C-6622-46D4-879F-C5EBB333C7F4}
	EndGlobalSection
EndGlobal
